
Microsoft Visual Studio Solution File, Format Version 12.00
# Visual Studio Version 17
VisualStudioVersion = 17.0.31903.59
MinimumVisualStudioVersion = 10.0.40219.1
Project("{FAE04EC0-301F-11D3-BF4B-00C04F79EFBC}") = "DevNotes", "DevNotes\DevNotes.csproj", "{A1B2C3D4-E5F6-7890-ABCD-EF1234567890}"
EndProject
Project("{FAE04EC0-301F-11D3-BF4B-00C04F79EFBC}") = "DevNotes.Tests", "DevNotes.Tests\DevNotes.Tests.csproj", "{B2C3D4E5-F6A7-8901-BCDE-F12345678901}"
EndProject
Project("{FAE04EC0-301F-11D3-BF4B-00C04F79EFBC}") = "DevNotes.Domain", "DevNotes.Domain\DevNotes.Domain.csproj", "{4C9E95FA-31AE-4A51-B710-65E026C762DD}"
EndProject
Project("{FAE04EC0-301F-11D3-BF4B-00C04F79EFBC}") = "DevNotes.Infra.Interfaces", "DevNotes.Infra.Interfaces\DevNotes.Infra.Interfaces.csproj", "{F1F36760-A2A7-4C55-A3AF-6C6C82DA6381}"
EndProject
Project("{FAE04EC0-301F-11D3-BF4B-00C04F79EFBC}") = "DevNotes.Infra", "DevNotes.Infra\DevNotes.Infra.csproj", "{063AD43D-7F09-467D-90E8-C73DDB363DAB}"
EndProject
Project("{FAE04EC0-301F-11D3-BF4B-00C04F79EFBC}") = "DevNotes.DTO", "DevNotes.DTO\DevNotes.DTO.csproj", "{E032DAF4-23F8-4BFE-BDEF-BBEC9426F813}"
EndProject
Project("{FAE04EC0-301F-11D3-BF4B-00C04F79EFBC}") = "DevNotes.Application", "DevNotes.Application\DevNotes.Application.csproj", "{B3AD1ECF-A136-42F9-9AE1-99569A3259A0}"
EndProject
Global
	GlobalSection(SolutionConfigurationPlatforms) = preSolution
		Debug|Any CPU = Debug|Any CPU
		Debug|x64 = Debug|x64
		Debug|x86 = Debug|x86
		Release|Any CPU = Release|Any CPU
		Release|x64 = Release|x64
		Release|x86 = Release|x86
	EndGlobalSection
	GlobalSection(ProjectConfigurationPlatforms) = postSolution
		{A1B2C3D4-E5F6-7890-ABCD-EF1234567890}.Debug|Any CPU.ActiveCfg = Debug|Any CPU
		{A1B2C3D4-E5F6-7890-ABCD-EF1234567890}.Debug|Any CPU.Build.0 = Debug|Any CPU
		{A1B2C3D4-E5F6-7890-ABCD-EF1234567890}.Debug|x64.ActiveCfg = Debug|Any CPU
		{A1B2C3D4-E5F6-7890-ABCD-EF1234567890}.Debug|x64.Build.0 = Debug|Any CPU
		{A1B2C3D4-E5F6-7890-ABCD-EF1234567890}.Debug|x86.ActiveCfg = Debug|Any CPU
		{A1B2C3D4-E5F6-7890-ABCD-EF1234567890}.Debug|x86.Build.0 = Debug|Any CPU
		{A1B2C3D4-E5F6-7890-ABCD-EF1234567890}.Release|Any CPU.ActiveCfg = Release|Any CPU
		{A1B2C3D4-E5F6-7890-ABCD-EF1234567890}.Release|Any CPU.Build.0 = Release|Any CPU
		{A1B2C3D4-E5F6-7890-ABCD-EF1234567890}.Release|x64.ActiveCfg = Release|Any CPU
		{A1B2C3D4-E5F6-7890-ABCD-EF1234567890}.Release|x64.Build.0 = Release|Any CPU
		{A1B2C3D4-E5F6-7890-ABCD-EF1234567890}.Release|x86.ActiveCfg = Release|Any CPU
		{A1B2C3D4-E5F6-7890-ABCD-EF1234567890}.Release|x86.Build.0 = Release|Any CPU
		{B2C3D4E5-F6A7-8901-BCDE-F12345678901}.Debug|Any CPU.ActiveCfg = Debug|Any CPU
		{B2C3D4E5-F6A7-8901-BCDE-F12345678901}.Debug|Any CPU.Build.0 = Debug|Any CPU
		{B2C3D4E5-F6A7-8901-BCDE-F12345678901}.Debug|x64.ActiveCfg = Debug|Any CPU
		{B2C3D4E5-F6A7-8901-BCDE-F12345678901}.Debug|x64.Build.0 = Debug|Any CPU
		{B2C3D4E5-F6A7-8901-BCDE-F12345678901}.Debug|x86.ActiveCfg = Debug|Any CPU
		{B2C3D4E5-F6A7-8901-BCDE-F12345678901}.Debug|x86.Build.0 = Debug|Any CPU
		{B2C3D4E5-F6A7-8901-BCDE-F12345678901}.Release|Any CPU.ActiveCfg = Release|Any CPU
		{B2C3D4E5-F6A7-8901-BCDE-F12345678901}.Release|Any CPU.Build.0 = Release|Any CPU
		{B2C3D4E5-F6A7-8901-BCDE-F12345678901}.Release|x64.ActiveCfg = Release|Any CPU
		{B2C3D4E5-F6A7-8901-BCDE-F12345678901}.Release|x64.Build.0 = Release|Any CPU
		{B2C3D4E5-F6A7-8901-BCDE-F12345678901}.Release|x86.ActiveCfg = Release|Any CPU
		{B2C3D4E5-F6A7-8901-BCDE-F12345678901}.Release|x86.Build.0 = Release|Any CPU
		{4C9E95FA-31AE-4A51-B710-65E026C762DD}.Debug|Any CPU.ActiveCfg = Debug|Any CPU
		{4C9E95FA-31AE-4A51-B710-65E026C762DD}.Debug|Any CPU.Build.0 = Debug|Any CPU
		{4C9E95FA-31AE-4A51-B710-65E026C762DD}.Debug|x64.ActiveCfg = Debug|Any CPU
		{4C9E95FA-31AE-4A51-B710-65E026C762DD}.Debug|x64.Build.0 = Debug|Any CPU
		{4C9E95FA-31AE-4A51-B710-65E026C762DD}.Debug|x86.ActiveCfg = Debug|Any CPU
		{4C9E95FA-31AE-4A51-B710-65E026C762DD}.Debug|x86.Build.0 = Debug|Any CPU
		{4C9E95FA-31AE-4A51-B710-65E026C762DD}.Release|Any CPU.ActiveCfg = Release|Any CPU
		{4C9E95FA-31AE-4A51-B710-65E026C762DD}.Release|Any CPU.Build.0 = Release|Any CPU
		{4C9E95FA-31AE-4A51-B710-65E026C762DD}.Release|x64.ActiveCfg = Release|Any CPU
		{4C9E95FA-31AE-4A51-B710-65E026C762DD}.Release|x64.Build.0 = Release|Any CPU
		{4C9E95FA-31AE-4A51-B710-65E026C762DD}.Release|x86.ActiveCfg = Release|Any CPU
		{4C9E95FA-31AE-4A51-B710-65E026C762DD}.Release|x86.Build.0 = Release|Any CPU
		{F1F36760-A2A7-4C55-A3AF-6C6C82DA6381}.Debug|Any CPU.ActiveCfg = Debug|Any CPU
		{F1F36760-A2A7-4C55-A3AF-6C6C82DA6381}.Debug|Any CPU.Build.0 = Debug|Any CPU
		{F1F36760-A2A7-4C55-A3AF-6C6C82DA6381}.Debug|x64.ActiveCfg = Debug|Any CPU
		{F1F36760-A2A7-4C55-A3AF-6C6C82DA6381}.Debug|x64.Build.0 = Debug|Any CPU
		{F1F36760-A2A7-4C55-A3AF-6C6C82DA6381}.Debug|x86.ActiveCfg = Debug|Any CPU
		{F1F36760-A2A7-4C55-A3AF-6C6C82DA6381}.Debug|x86.Build.0 = Debug|Any CPU
		{F1F36760-A2A7-4C55-A3AF-6C6C82DA6381}.Release|Any CPU.ActiveCfg = Release|Any CPU
		{F1F36760-A2A7-4C55-A3AF-6C6C82DA6381}.Release|Any CPU.Build.0 = Release|Any CPU
		{F1F36760-A2A7-4C55-A3AF-6C6C82DA6381}.Release|x64.ActiveCfg = Release|Any CPU
		{F1F36760-A2A7-4C55-A3AF-6C6C82DA6381}.Release|x64.Build.0 = Release|Any CPU
		{F1F36760-A2A7-4C55-A3AF-6C6C82DA6381}.Release|x86.ActiveCfg = Release|Any CPU
		{F1F36760-A2A7-4C55-A3AF-6C6C82DA6381}.Release|x86.Build.0 = Release|Any CPU
		{063AD43D-7F09-467D-90E8-C73DDB363DAB}.Debug|Any CPU.ActiveCfg = Debug|Any CPU
		{063AD43D-7F09-467D-90E8-C73DDB363DAB}.Debug|Any CPU.Build.0 = Debug|Any CPU
		{063AD43D-7F09-467D-90E8-C73DDB363DAB}.Debug|x64.ActiveCfg = Debug|Any CPU
		{063AD43D-7F09-467D-90E8-C73DDB363DAB}.Debug|x64.Build.0 = Debug|Any CPU
		{063AD43D-7F09-467D-90E8-C73DDB363DAB}.Debug|x86.ActiveCfg = Debug|Any CPU
		{063AD43D-7F09-467D-90E8-C73DDB363DAB}.Debug|x86.Build.0 = Debug|Any CPU
		{063AD43D-7F09-467D-90E8-C73DDB363DAB}.Release|Any CPU.ActiveCfg = Release|Any CPU
		{063AD43D-7F09-467D-90E8-C73DDB363DAB}.Release|Any CPU.Build.0 = Release|Any CPU
		{063AD43D-7F09-467D-90E8-C73DDB363DAB}.Release|x64.ActiveCfg = Release|Any CPU
		{063AD43D-7F09-467D-90E8-C73DDB363DAB}.Release|x64.Build.0 = Release|Any CPU
		{063AD43D-7F09-467D-90E8-C73DDB363DAB}.Release|x86.ActiveCfg = Release|Any CPU
		{063AD43D-7F09-467D-90E8-C73DDB363DAB}.Release|x86.Build.0 = Release|Any CPU
		{E032DAF4-23F8-4BFE-BDEF-BBEC9426F813}.Debug|Any CPU.ActiveCfg = Debug|Any CPU
		{E032DAF4-23F8-4BFE-BDEF-BBEC9426F813}.Debug|Any CPU.Build.0 = Debug|Any CPU
		{E032DAF4-23F8-4BFE-BDEF-BBEC9426F813}.Debug|x64.ActiveCfg = Debug|Any CPU
		{E032DAF4-23F8-4BFE-BDEF-BBEC9426F813}.Debug|x64.Build.0 = Debug|Any CPU
		{E032DAF4-23F8-4BFE-BDEF-BBEC9426F813}.Debug|x86.ActiveCfg = Debug|Any CPU
		{E032DAF4-23F8-4BFE-BDEF-BBEC9426F813}.Debug|x86.Build.0 = Debug|Any CPU
		{E032DAF4-23F8-4BFE-BDEF-BBEC9426F813}.Release|Any CPU.ActiveCfg = Release|Any CPU
		{E032DAF4-23F8-4BFE-BDEF-BBEC9426F813}.Release|Any CPU.Build.0 = Release|Any CPU
		{E032DAF4-23F8-4BFE-BDEF-BBEC9426F813}.Release|x64.ActiveCfg = Release|Any CPU
		{E032DAF4-23F8-4BFE-BDEF-BBEC9426F813}.Release|x64.Build.0 = Release|Any CPU
		{E032DAF4-23F8-4BFE-BDEF-BBEC9426F813}.Release|x86.ActiveCfg = Release|Any CPU
		{E032DAF4-23F8-4BFE-BDEF-BBEC9426F813}.Release|x86.Build.0 = Release|Any CPU
		{B3AD1ECF-A136-42F9-9AE1-99569A3259A0}.Debug|Any CPU.ActiveCfg = Debug|Any CPU
		{B3AD1ECF-A136-42F9-9AE1-99569A3259A0}.Debug|Any CPU.Build.0 = Debug|Any CPU
		{B3AD1ECF-A136-42F9-9AE1-99569A3259A0}.Debug|x64.ActiveCfg = Debug|Any CPU
		{B3AD1ECF-A136-42F9-9AE1-99569A3259A0}.Debug|x64.Build.0 = Debug|Any CPU
		{B3AD1ECF-A136-42F9-9AE1-99569A3259A0}.Debug|x86.ActiveCfg = Debug|Any CPU
		{B3AD1ECF-A136-42F9-9AE1-99569A3259A0}.Debug|x86.Build.0 = Debug|Any CPU
		{B3AD1ECF-A136-42F9-9AE1-99569A3259A0}.Release|Any CPU.ActiveCfg = Release|Any CPU
		{B3AD1ECF-A136-42F9-9AE1-99569A3259A0}.Release|Any CPU.Build.0 = Release|Any CPU
		{B3AD1ECF-A136-42F9-9AE1-99569A3259A0}.Release|x64.ActiveCfg = Release|Any CPU
		{B3AD1ECF-A136-42F9-9AE1-99569A3259A0}.Release|x64.Build.0 = Release|Any CPU
		{B3AD1ECF-A136-42F9-9AE1-99569A3259A0}.Release|x86.ActiveCfg = Release|Any CPU
		{B3AD1ECF-A136-42F9-9AE1-99569A3259A0}.Release|x86.Build.0 = Release|Any CPU
	EndGlobalSection
	GlobalSection(SolutionProperties) = preSolution
		HideSolutionNode = FALSE
	EndGlobalSection
EndGlobal
